
Microsoft Visual Studio Solution File, Format Version 12.00
# Visual Studio Version 17
VisualStudioVersion = 17.8.34525.116
MinimumVisualStudioVersion = 10.0.40219.1
Project("{FAE04EC0-301F-11D3-BF4B-00C04F79EFBC}") = "Edem", "Edem\Edem.csproj", "{8697AC81-8A33-4DF7-9030-7A9BB5D67982}"
EndProject
Global
	GlobalSection(SolutionConfigurationPlatforms) = preSolution
		Debug|Any CPU = Debug|Any CPU
		Release|Any CPU = Release|Any CPU
	EndGlobalSection
	GlobalSection(ProjectConfigurationPlatforms) = postSolution
		{8697AC81-8A33-4DF7-9030-7A9BB5D67982}.Debug|Any CPU.ActiveCfg = Debug|Any CPU
		{8697AC81-8A33-4DF7-9030-7A9BB5D67982}.Debug|Any CPU.Build.0 = Debug|Any CPU
		{8697AC81-8A33-4DF7-9030-7A9BB5D67982}.Release|Any CPU.ActiveCfg = Release|Any CPU
		{8697AC81-8A33-4DF7-9030-7A9BB5D67982}.Release|Any CPU.Build.0 = Release|Any CPU
	EndGlobalSection
	GlobalSection(SolutionProperties) = preSolution
		HideSolutionNode = FALSE
	EndGlobalSection
	GlobalSection(ExtensibilityGlobals) = postSolution
		SolutionGuid = {7F5CDCFC-F70B-4A70-A08A-B694BB1EBE3B}
	EndGlobalSection
EndGlobal
